
Microsoft Visual Studio Solution File, Format Version 12.00
# Visual Studio Version 16
VisualStudioVersion = 16.0.30517.126
MinimumVisualStudioVersion = 10.0.40219.1
Project("{8BC9CEB8-8B4A-11D0-8D11-00A0C91BC942}") = "C10_21", "C10_21\C10_21.vcxproj", "{46DC8A06-F9A4-48CC-9215-4BF790201D5D}"
EndProject
Project("{8BC9CEB8-8B4A-11D0-8D11-00A0C91BC942}") = "C10_21_1", "C10_21_1\C10_21_1.vcxproj", "{9CAB9FC8-B001-4235-A065-267C6F4848D6}"
EndProject
Global
	GlobalSection(SolutionConfigurationPlatforms) = preSolution
		Debug|x64 = Debug|x64
		Debug|x86 = Debug|x86
		Release|x64 = Release|x64
		Release|x86 = Release|x86
	EndGlobalSection
	GlobalSection(ProjectConfigurationPlatforms) = postSolution
		{46DC8A06-F9A4-48CC-9215-4BF790201D5D}.Debug|x64.ActiveCfg = Debug|x64
		{46DC8A06-F9A4-48CC-9215-4BF790201D5D}.Debug|x64.Build.0 = Debug|x64
		{46DC8A06-F9A4-48CC-9215-4BF790201D5D}.Debug|x86.ActiveCfg = Debug|Win32
		{46DC8A06-F9A4-48CC-9215-4BF790201D5D}.Debug|x86.Build.0 = Debug|Win32
		{46DC8A06-F9A4-48CC-9215-4BF790201D5D}.Release|x64.ActiveCfg = Release|x64
		{46DC8A06-F9A4-48CC-9215-4BF790201D5D}.Release|x64.Build.0 = Release|x64
		{46DC8A06-F9A4-48CC-9215-4BF790201D5D}.Release|x86.ActiveCfg = Release|Win32
		{46DC8A06-F9A4-48CC-9215-4BF790201D5D}.Release|x86.Build.0 = Release|Win32
		{9CAB9FC8-B001-4235-A065-267C6F4848D6}.Debug|x64.ActiveCfg = Debug|x64
		{9CAB9FC8-B001-4235-A065-267C6F4848D6}.Debug|x64.Build.0 = Debug|x64
		{9CAB9FC8-B001-4235-A065-267C6F4848D6}.Debug|x86.ActiveCfg = Debug|Win32
		{9CAB9FC8-B001-4235-A065-267C6F4848D6}.Debug|x86.Build.0 = Debug|Win32
		{9CAB9FC8-B001-4235-A065-267C6F4848D6}.Release|x64.ActiveCfg = Release|x64
		{9CAB9FC8-B001-4235-A065-267C6F4848D6}.Release|x64.Build.0 = Release|x64
		{9CAB9FC8-B001-4235-A065-267C6F4848D6}.Release|x86.ActiveCfg = Release|Win32
		{9CAB9FC8-B001-4235-A065-267C6F4848D6}.Release|x86.Build.0 = Release|Win32
	EndGlobalSection
	GlobalSection(SolutionProperties) = preSolution
		HideSolutionNode = FALSE
	EndGlobalSection
	GlobalSection(ExtensibilityGlobals) = postSolution
		SolutionGuid = {2B403E58-5150-4F3D-974C-64633B66E5AA}
	EndGlobalSection
EndGlobal
