
Microsoft Visual Studio Solution File, Format Version 12.00
# Visual Studio Version 16
VisualStudioVersion = 16.0.30621.155
MinimumVisualStudioVersion = 10.0.40219.1
Project("{8BC9CEB8-8B4A-11D0-8D11-00A0C91BC942}") = "c11_4", "c11_4\c11_4.vcxproj", "{9A818B6E-1135-4946-BCD9-47B11D1B4787}"
EndProject
Global
	GlobalSection(SolutionConfigurationPlatforms) = preSolution
		Debug|x64 = Debug|x64
		Debug|x86 = Debug|x86
		Release|x64 = Release|x64
		Release|x86 = Release|x86
	EndGlobalSection
	GlobalSection(ProjectConfigurationPlatforms) = postSolution
		{9A818B6E-1135-4946-BCD9-47B11D1B4787}.Debug|x64.ActiveCfg = Debug|x64
		{9A818B6E-1135-4946-BCD9-47B11D1B4787}.Debug|x64.Build.0 = Debug|x64
		{9A818B6E-1135-4946-BCD9-47B11D1B4787}.Debug|x86.ActiveCfg = Debug|Win32
		{9A818B6E-1135-4946-BCD9-47B11D1B4787}.Debug|x86.Build.0 = Debug|Win32
		{9A818B6E-1135-4946-BCD9-47B11D1B4787}.Release|x64.ActiveCfg = Release|x64
		{9A818B6E-1135-4946-BCD9-47B11D1B4787}.Release|x64.Build.0 = Release|x64
		{9A818B6E-1135-4946-BCD9-47B11D1B4787}.Release|x86.ActiveCfg = Release|Win32
		{9A818B6E-1135-4946-BCD9-47B11D1B4787}.Release|x86.Build.0 = Release|Win32
	EndGlobalSection
	GlobalSection(SolutionProperties) = preSolution
		HideSolutionNode = FALSE
	EndGlobalSection
	GlobalSection(ExtensibilityGlobals) = postSolution
		SolutionGuid = {E212C28D-8348-4DC1-B265-A39E77959573}
	EndGlobalSection
EndGlobal
