
Microsoft Visual Studio Solution File, Format Version 12.00
# Visual Studio Version 16
VisualStudioVersion = 16.0.31205.134
MinimumVisualStudioVersion = 10.0.40219.1
Project("{8BC9CEB8-8B4A-11D0-8D11-00A0C91BC942}") = "YJT003", "YJT003\YJT003.vcxproj", "{590F053D-796B-4FBD-9C83-10EE37872ADE}"
EndProject
Project("{8BC9CEB8-8B4A-11D0-8D11-00A0C91BC942}") = "LVJD12", "LVJD12\LVJD12.vcxproj", "{6983A392-B892-4B13-89F8-F82D1AF2297F}"
EndProject
Project("{8BC9CEB8-8B4A-11D0-8D11-00A0C91BC942}") = "YJT004", "YJT004\YJT004.vcxproj", "{2D8EEDDF-868D-4572-8ADA-CA7F914C2A8E}"
EndProject
Project("{8BC9CEB8-8B4A-11D0-8D11-00A0C91BC942}") = "LVJD13", "LVJD13\LVJD13.vcxproj", "{CABBBB21-2E61-42FF-B332-6449AF3A4B46}"
EndProject
Project("{8BC9CEB8-8B4A-11D0-8D11-00A0C91BC942}") = "YJT005", "YJT005\YJT005.vcxproj", "{5BE83BA0-6718-4A77-A741-4B5FCBF44BC1}"
EndProject
Project("{8BC9CEB8-8B4A-11D0-8D11-00A0C91BC942}") = "LVJD14", "LVJD14\LVJD14.vcxproj", "{E9C4467C-F8DD-467C-B49F-E660F2A52C71}"
EndProject
Project("{8BC9CEB8-8B4A-11D0-8D11-00A0C91BC942}") = "LVJD15", "LVJD15\LVJD15.vcxproj", "{454B216F-5660-41F8-A1E9-5EAE9F41F07C}"
EndProject
Project("{8BC9CEB8-8B4A-11D0-8D11-00A0C91BC942}") = "YJT007", "YJT007\YJT007.vcxproj", "{2ACCB004-721D-461A-A78F-0D4A8DC64C0C}"
EndProject
Project("{8BC9CEB8-8B4A-11D0-8D11-00A0C91BC942}") = "JHL008", "JHL008\JHL008.vcxproj", "{CDCFB1D6-4611-4194-8AF0-A10109B28376}"
EndProject
Project("{8BC9CEB8-8B4A-11D0-8D11-00A0C91BC942}") = "QW002", "QW002\QW002.vcxproj", "{C6068BE6-1083-4A80-ABF1-F26247774587}"
EndProject
Global
	GlobalSection(SolutionConfigurationPlatforms) = preSolution
		Debug|x64 = Debug|x64
		Debug|x86 = Debug|x86
		Release|x64 = Release|x64
		Release|x86 = Release|x86
	EndGlobalSection
	GlobalSection(ProjectConfigurationPlatforms) = postSolution
		{590F053D-796B-4FBD-9C83-10EE37872ADE}.Debug|x64.ActiveCfg = Debug|x64
		{590F053D-796B-4FBD-9C83-10EE37872ADE}.Debug|x64.Build.0 = Debug|x64
		{590F053D-796B-4FBD-9C83-10EE37872ADE}.Debug|x86.ActiveCfg = Debug|Win32
		{590F053D-796B-4FBD-9C83-10EE37872ADE}.Debug|x86.Build.0 = Debug|Win32
		{590F053D-796B-4FBD-9C83-10EE37872ADE}.Release|x64.ActiveCfg = Release|x64
		{590F053D-796B-4FBD-9C83-10EE37872ADE}.Release|x64.Build.0 = Release|x64
		{590F053D-796B-4FBD-9C83-10EE37872ADE}.Release|x86.ActiveCfg = Release|Win32
		{590F053D-796B-4FBD-9C83-10EE37872ADE}.Release|x86.Build.0 = Release|Win32
		{6983A392-B892-4B13-89F8-F82D1AF2297F}.Debug|x64.ActiveCfg = Debug|x64
		{6983A392-B892-4B13-89F8-F82D1AF2297F}.Debug|x64.Build.0 = Debug|x64
		{6983A392-B892-4B13-89F8-F82D1AF2297F}.Debug|x86.ActiveCfg = Debug|Win32
		{6983A392-B892-4B13-89F8-F82D1AF2297F}.Debug|x86.Build.0 = Debug|Win32
		{6983A392-B892-4B13-89F8-F82D1AF2297F}.Release|x64.ActiveCfg = Release|x64
		{6983A392-B892-4B13-89F8-F82D1AF2297F}.Release|x64.Build.0 = Release|x64
		{6983A392-B892-4B13-89F8-F82D1AF2297F}.Release|x86.ActiveCfg = Release|Win32
		{6983A392-B892-4B13-89F8-F82D1AF2297F}.Release|x86.Build.0 = Release|Win32
		{2D8EEDDF-868D-4572-8ADA-CA7F914C2A8E}.Debug|x64.ActiveCfg = Debug|x64
		{2D8EEDDF-868D-4572-8ADA-CA7F914C2A8E}.Debug|x64.Build.0 = Debug|x64
		{2D8EEDDF-868D-4572-8ADA-CA7F914C2A8E}.Debug|x86.ActiveCfg = Debug|Win32
		{2D8EEDDF-868D-4572-8ADA-CA7F914C2A8E}.Debug|x86.Build.0 = Debug|Win32
		{2D8EEDDF-868D-4572-8ADA-CA7F914C2A8E}.Release|x64.ActiveCfg = Release|x64
		{2D8EEDDF-868D-4572-8ADA-CA7F914C2A8E}.Release|x64.Build.0 = Release|x64
		{2D8EEDDF-868D-4572-8ADA-CA7F914C2A8E}.Release|x86.ActiveCfg = Release|Win32
		{2D8EEDDF-868D-4572-8ADA-CA7F914C2A8E}.Release|x86.Build.0 = Release|Win32
		{CABBBB21-2E61-42FF-B332-6449AF3A4B46}.Debug|x64.ActiveCfg = Debug|x64
		{CABBBB21-2E61-42FF-B332-6449AF3A4B46}.Debug|x64.Build.0 = Debug|x64
		{CABBBB21-2E61-42FF-B332-6449AF3A4B46}.Debug|x86.ActiveCfg = Debug|Win32
		{CABBBB21-2E61-42FF-B332-6449AF3A4B46}.Debug|x86.Build.0 = Debug|Win32
		{CABBBB21-2E61-42FF-B332-6449AF3A4B46}.Release|x64.ActiveCfg = Release|x64
		{CABBBB21-2E61-42FF-B332-6449AF3A4B46}.Release|x64.Build.0 = Release|x64
		{CABBBB21-2E61-42FF-B332-6449AF3A4B46}.Release|x86.ActiveCfg = Release|Win32
		{CABBBB21-2E61-42FF-B332-6449AF3A4B46}.Release|x86.Build.0 = Release|Win32
		{5BE83BA0-6718-4A77-A741-4B5FCBF44BC1}.Debug|x64.ActiveCfg = Debug|x64
		{5BE83BA0-6718-4A77-A741-4B5FCBF44BC1}.Debug|x64.Build.0 = Debug|x64
		{5BE83BA0-6718-4A77-A741-4B5FCBF44BC1}.Debug|x86.ActiveCfg = Debug|Win32
		{5BE83BA0-6718-4A77-A741-4B5FCBF44BC1}.Debug|x86.Build.0 = Debug|Win32
		{5BE83BA0-6718-4A77-A741-4B5FCBF44BC1}.Release|x64.ActiveCfg = Release|x64
		{5BE83BA0-6718-4A77-A741-4B5FCBF44BC1}.Release|x64.Build.0 = Release|x64
		{5BE83BA0-6718-4A77-A741-4B5FCBF44BC1}.Release|x86.ActiveCfg = Release|Win32
		{5BE83BA0-6718-4A77-A741-4B5FCBF44BC1}.Release|x86.Build.0 = Release|Win32
		{E9C4467C-F8DD-467C-B49F-E660F2A52C71}.Debug|x64.ActiveCfg = Debug|x64
		{E9C4467C-F8DD-467C-B49F-E660F2A52C71}.Debug|x64.Build.0 = Debug|x64
		{E9C4467C-F8DD-467C-B49F-E660F2A52C71}.Debug|x86.ActiveCfg = Debug|Win32
		{E9C4467C-F8DD-467C-B49F-E660F2A52C71}.Debug|x86.Build.0 = Debug|Win32
		{E9C4467C-F8DD-467C-B49F-E660F2A52C71}.Release|x64.ActiveCfg = Release|x64
		{E9C4467C-F8DD-467C-B49F-E660F2A52C71}.Release|x64.Build.0 = Release|x64
		{E9C4467C-F8DD-467C-B49F-E660F2A52C71}.Release|x86.ActiveCfg = Release|Win32
		{E9C4467C-F8DD-467C-B49F-E660F2A52C71}.Release|x86.Build.0 = Release|Win32
		{454B216F-5660-41F8-A1E9-5EAE9F41F07C}.Debug|x64.ActiveCfg = Debug|x64
		{454B216F-5660-41F8-A1E9-5EAE9F41F07C}.Debug|x64.Build.0 = Debug|x64
		{454B216F-5660-41F8-A1E9-5EAE9F41F07C}.Debug|x86.ActiveCfg = Debug|Win32
		{454B216F-5660-41F8-A1E9-5EAE9F41F07C}.Debug|x86.Build.0 = Debug|Win32
		{454B216F-5660-41F8-A1E9-5EAE9F41F07C}.Release|x64.ActiveCfg = Release|x64
		{454B216F-5660-41F8-A1E9-5EAE9F41F07C}.Release|x64.Build.0 = Release|x64
		{454B216F-5660-41F8-A1E9-5EAE9F41F07C}.Release|x86.ActiveCfg = Release|Win32
		{454B216F-5660-41F8-A1E9-5EAE9F41F07C}.Release|x86.Build.0 = Release|Win32
		{2ACCB004-721D-461A-A78F-0D4A8DC64C0C}.Debug|x64.ActiveCfg = Debug|x64
		{2ACCB004-721D-461A-A78F-0D4A8DC64C0C}.Debug|x64.Build.0 = Debug|x64
		{2ACCB004-721D-461A-A78F-0D4A8DC64C0C}.Debug|x86.ActiveCfg = Debug|Win32
		{2ACCB004-721D-461A-A78F-0D4A8DC64C0C}.Debug|x86.Build.0 = Debug|Win32
		{2ACCB004-721D-461A-A78F-0D4A8DC64C0C}.Release|x64.ActiveCfg = Release|x64
		{2ACCB004-721D-461A-A78F-0D4A8DC64C0C}.Release|x64.Build.0 = Release|x64
		{2ACCB004-721D-461A-A78F-0D4A8DC64C0C}.Release|x86.ActiveCfg = Release|Win32
		{2ACCB004-721D-461A-A78F-0D4A8DC64C0C}.Release|x86.Build.0 = Release|Win32
		{CDCFB1D6-4611-4194-8AF0-A10109B28376}.Debug|x64.ActiveCfg = Debug|x64
		{CDCFB1D6-4611-4194-8AF0-A10109B28376}.Debug|x64.Build.0 = Debug|x64
		{CDCFB1D6-4611-4194-8AF0-A10109B28376}.Debug|x86.ActiveCfg = Debug|Win32
		{CDCFB1D6-4611-4194-8AF0-A10109B28376}.Debug|x86.Build.0 = Debug|Win32
		{CDCFB1D6-4611-4194-8AF0-A10109B28376}.Release|x64.ActiveCfg = Release|x64
		{CDCFB1D6-4611-4194-8AF0-A10109B28376}.Release|x64.Build.0 = Release|x64
		{CDCFB1D6-4611-4194-8AF0-A10109B28376}.Release|x86.ActiveCfg = Release|Win32
		{CDCFB1D6-4611-4194-8AF0-A10109B28376}.Release|x86.Build.0 = Release|Win32
		{C6068BE6-1083-4A80-ABF1-F26247774587}.Debug|x64.ActiveCfg = Debug|x64
		{C6068BE6-1083-4A80-ABF1-F26247774587}.Debug|x64.Build.0 = Debug|x64
		{C6068BE6-1083-4A80-ABF1-F26247774587}.Debug|x86.ActiveCfg = Debug|Win32
		{C6068BE6-1083-4A80-ABF1-F26247774587}.Debug|x86.Build.0 = Debug|Win32
		{C6068BE6-1083-4A80-ABF1-F26247774587}.Release|x64.ActiveCfg = Release|x64
		{C6068BE6-1083-4A80-ABF1-F26247774587}.Release|x64.Build.0 = Release|x64
		{C6068BE6-1083-4A80-ABF1-F26247774587}.Release|x86.ActiveCfg = Release|Win32
		{C6068BE6-1083-4A80-ABF1-F26247774587}.Release|x86.Build.0 = Release|Win32
	EndGlobalSection
	GlobalSection(SolutionProperties) = preSolution
		HideSolutionNode = FALSE
	EndGlobalSection
	GlobalSection(ExtensibilityGlobals) = postSolution
		SolutionGuid = {1009FC96-7A98-4049-8867-D25F1174C73C}
	EndGlobalSection
EndGlobal
