
Microsoft Visual Studio Solution File, Format Version 12.00
# Visual Studio Version 16
VisualStudioVersion = 16.0.31112.23
MinimumVisualStudioVersion = 10.0.40219.1
Project("{8BC9CEB8-8B4A-11D0-8D11-00A0C91BC942}") = "数据结构4-2", "数据结构4-2\数据结构4-2.vcxproj", "{CDE72103-3AB2-4B75-8232-C9E774627D2A}"
EndProject
Project("{8BC9CEB8-8B4A-11D0-8D11-00A0C91BC942}") = "LVJD008", "LVJD008\LVJD008.vcxproj", "{043B9119-5A92-4D3B-8E39-DBF04DD0719B}"
EndProject
Project("{8BC9CEB8-8B4A-11D0-8D11-00A0C91BC942}") = "YY002", "YY002\YY002.vcxproj", "{49126538-E632-4809-91F7-E44FDA603FA8}"
EndProject
Project("{8BC9CEB8-8B4A-11D0-8D11-00A0C91BC942}") = "LVJD007", "LVJD007\LVJD007.vcxproj", "{0B3DC3C9-D9C7-4F4B-9386-35B9DE02BD33}"
EndProject
Project("{8BC9CEB8-8B4A-11D0-8D11-00A0C91BC942}") = "YY003", "YY003\YY003.vcxproj", "{681BF346-B7ED-499B-A020-8B7AA94E70FD}"
EndProject
Project("{8BC9CEB8-8B4A-11D0-8D11-00A0C91BC942}") = "LVJD006", "LVJD006\LVJD006.vcxproj", "{66CBFC98-FEE6-4FB3-980B-8B5B903F632F}"
EndProject
Project("{8BC9CEB8-8B4A-11D0-8D11-00A0C91BC942}") = "YY004", "YY004\YY004.vcxproj", "{ADEF31CD-AD81-4B34-9385-B7521ED1FDFB}"
EndProject
Project("{8BC9CEB8-8B4A-11D0-8D11-00A0C91BC942}") = "LVJD009", "LVJD009\LVJD009.vcxproj", "{57CFD04B-CCDD-4464-95C5-3EB1BF3B3B9E}"
EndProject
Project("{8BC9CEB8-8B4A-11D0-8D11-00A0C91BC942}") = "YY005", "YY005\YY005.vcxproj", "{19FAD4F8-A5E7-4A54-8DDE-086F6150BE61}"
EndProject
Project("{8BC9CEB8-8B4A-11D0-8D11-00A0C91BC942}") = "LVJD011：约瑟夫环问题", "LVJD011：约瑟夫环问题\LVJD011：约瑟夫环问题.vcxproj", "{035117EF-386A-48E6-8ECC-D4F2F479331F}"
EndProject
Global
	GlobalSection(SolutionConfigurationPlatforms) = preSolution
		Debug|x64 = Debug|x64
		Debug|x86 = Debug|x86
		Release|x64 = Release|x64
		Release|x86 = Release|x86
	EndGlobalSection
	GlobalSection(ProjectConfigurationPlatforms) = postSolution
		{CDE72103-3AB2-4B75-8232-C9E774627D2A}.Debug|x64.ActiveCfg = Debug|x64
		{CDE72103-3AB2-4B75-8232-C9E774627D2A}.Debug|x64.Build.0 = Debug|x64
		{CDE72103-3AB2-4B75-8232-C9E774627D2A}.Debug|x86.ActiveCfg = Debug|Win32
		{CDE72103-3AB2-4B75-8232-C9E774627D2A}.Debug|x86.Build.0 = Debug|Win32
		{CDE72103-3AB2-4B75-8232-C9E774627D2A}.Release|x64.ActiveCfg = Release|x64
		{CDE72103-3AB2-4B75-8232-C9E774627D2A}.Release|x64.Build.0 = Release|x64
		{CDE72103-3AB2-4B75-8232-C9E774627D2A}.Release|x86.ActiveCfg = Release|Win32
		{CDE72103-3AB2-4B75-8232-C9E774627D2A}.Release|x86.Build.0 = Release|Win32
		{043B9119-5A92-4D3B-8E39-DBF04DD0719B}.Debug|x64.ActiveCfg = Debug|x64
		{043B9119-5A92-4D3B-8E39-DBF04DD0719B}.Debug|x64.Build.0 = Debug|x64
		{043B9119-5A92-4D3B-8E39-DBF04DD0719B}.Debug|x86.ActiveCfg = Debug|Win32
		{043B9119-5A92-4D3B-8E39-DBF04DD0719B}.Debug|x86.Build.0 = Debug|Win32
		{043B9119-5A92-4D3B-8E39-DBF04DD0719B}.Release|x64.ActiveCfg = Release|x64
		{043B9119-5A92-4D3B-8E39-DBF04DD0719B}.Release|x64.Build.0 = Release|x64
		{043B9119-5A92-4D3B-8E39-DBF04DD0719B}.Release|x86.ActiveCfg = Release|Win32
		{043B9119-5A92-4D3B-8E39-DBF04DD0719B}.Release|x86.Build.0 = Release|Win32
		{49126538-E632-4809-91F7-E44FDA603FA8}.Debug|x64.ActiveCfg = Debug|x64
		{49126538-E632-4809-91F7-E44FDA603FA8}.Debug|x64.Build.0 = Debug|x64
		{49126538-E632-4809-91F7-E44FDA603FA8}.Debug|x86.ActiveCfg = Debug|Win32
		{49126538-E632-4809-91F7-E44FDA603FA8}.Debug|x86.Build.0 = Debug|Win32
		{49126538-E632-4809-91F7-E44FDA603FA8}.Release|x64.ActiveCfg = Release|x64
		{49126538-E632-4809-91F7-E44FDA603FA8}.Release|x64.Build.0 = Release|x64
		{49126538-E632-4809-91F7-E44FDA603FA8}.Release|x86.ActiveCfg = Release|Win32
		{49126538-E632-4809-91F7-E44FDA603FA8}.Release|x86.Build.0 = Release|Win32
		{0B3DC3C9-D9C7-4F4B-9386-35B9DE02BD33}.Debug|x64.ActiveCfg = Debug|x64
		{0B3DC3C9-D9C7-4F4B-9386-35B9DE02BD33}.Debug|x64.Build.0 = Debug|x64
		{0B3DC3C9-D9C7-4F4B-9386-35B9DE02BD33}.Debug|x86.ActiveCfg = Debug|Win32
		{0B3DC3C9-D9C7-4F4B-9386-35B9DE02BD33}.Debug|x86.Build.0 = Debug|Win32
		{0B3DC3C9-D9C7-4F4B-9386-35B9DE02BD33}.Release|x64.ActiveCfg = Release|x64
		{0B3DC3C9-D9C7-4F4B-9386-35B9DE02BD33}.Release|x64.Build.0 = Release|x64
		{0B3DC3C9-D9C7-4F4B-9386-35B9DE02BD33}.Release|x86.ActiveCfg = Release|Win32
		{0B3DC3C9-D9C7-4F4B-9386-35B9DE02BD33}.Release|x86.Build.0 = Release|Win32
		{681BF346-B7ED-499B-A020-8B7AA94E70FD}.Debug|x64.ActiveCfg = Debug|x64
		{681BF346-B7ED-499B-A020-8B7AA94E70FD}.Debug|x64.Build.0 = Debug|x64
		{681BF346-B7ED-499B-A020-8B7AA94E70FD}.Debug|x86.ActiveCfg = Debug|Win32
		{681BF346-B7ED-499B-A020-8B7AA94E70FD}.Debug|x86.Build.0 = Debug|Win32
		{681BF346-B7ED-499B-A020-8B7AA94E70FD}.Release|x64.ActiveCfg = Release|x64
		{681BF346-B7ED-499B-A020-8B7AA94E70FD}.Release|x64.Build.0 = Release|x64
		{681BF346-B7ED-499B-A020-8B7AA94E70FD}.Release|x86.ActiveCfg = Release|Win32
		{681BF346-B7ED-499B-A020-8B7AA94E70FD}.Release|x86.Build.0 = Release|Win32
		{66CBFC98-FEE6-4FB3-980B-8B5B903F632F}.Debug|x64.ActiveCfg = Debug|x64
		{66CBFC98-FEE6-4FB3-980B-8B5B903F632F}.Debug|x64.Build.0 = Debug|x64
		{66CBFC98-FEE6-4FB3-980B-8B5B903F632F}.Debug|x86.ActiveCfg = Debug|Win32
		{66CBFC98-FEE6-4FB3-980B-8B5B903F632F}.Debug|x86.Build.0 = Debug|Win32
		{66CBFC98-FEE6-4FB3-980B-8B5B903F632F}.Release|x64.ActiveCfg = Release|x64
		{66CBFC98-FEE6-4FB3-980B-8B5B903F632F}.Release|x64.Build.0 = Release|x64
		{66CBFC98-FEE6-4FB3-980B-8B5B903F632F}.Release|x86.ActiveCfg = Release|Win32
		{66CBFC98-FEE6-4FB3-980B-8B5B903F632F}.Release|x86.Build.0 = Release|Win32
		{ADEF31CD-AD81-4B34-9385-B7521ED1FDFB}.Debug|x64.ActiveCfg = Debug|x64
		{ADEF31CD-AD81-4B34-9385-B7521ED1FDFB}.Debug|x64.Build.0 = Debug|x64
		{ADEF31CD-AD81-4B34-9385-B7521ED1FDFB}.Debug|x86.ActiveCfg = Debug|Win32
		{ADEF31CD-AD81-4B34-9385-B7521ED1FDFB}.Debug|x86.Build.0 = Debug|Win32
		{ADEF31CD-AD81-4B34-9385-B7521ED1FDFB}.Release|x64.ActiveCfg = Release|x64
		{ADEF31CD-AD81-4B34-9385-B7521ED1FDFB}.Release|x64.Build.0 = Release|x64
		{ADEF31CD-AD81-4B34-9385-B7521ED1FDFB}.Release|x86.ActiveCfg = Release|Win32
		{ADEF31CD-AD81-4B34-9385-B7521ED1FDFB}.Release|x86.Build.0 = Release|Win32
		{57CFD04B-CCDD-4464-95C5-3EB1BF3B3B9E}.Debug|x64.ActiveCfg = Debug|x64
		{57CFD04B-CCDD-4464-95C5-3EB1BF3B3B9E}.Debug|x64.Build.0 = Debug|x64
		{57CFD04B-CCDD-4464-95C5-3EB1BF3B3B9E}.Debug|x86.ActiveCfg = Debug|Win32
		{57CFD04B-CCDD-4464-95C5-3EB1BF3B3B9E}.Debug|x86.Build.0 = Debug|Win32
		{57CFD04B-CCDD-4464-95C5-3EB1BF3B3B9E}.Release|x64.ActiveCfg = Release|x64
		{57CFD04B-CCDD-4464-95C5-3EB1BF3B3B9E}.Release|x64.Build.0 = Release|x64
		{57CFD04B-CCDD-4464-95C5-3EB1BF3B3B9E}.Release|x86.ActiveCfg = Release|Win32
		{57CFD04B-CCDD-4464-95C5-3EB1BF3B3B9E}.Release|x86.Build.0 = Release|Win32
		{19FAD4F8-A5E7-4A54-8DDE-086F6150BE61}.Debug|x64.ActiveCfg = Debug|x64
		{19FAD4F8-A5E7-4A54-8DDE-086F6150BE61}.Debug|x64.Build.0 = Debug|x64
		{19FAD4F8-A5E7-4A54-8DDE-086F6150BE61}.Debug|x86.ActiveCfg = Debug|Win32
		{19FAD4F8-A5E7-4A54-8DDE-086F6150BE61}.Debug|x86.Build.0 = Debug|Win32
		{19FAD4F8-A5E7-4A54-8DDE-086F6150BE61}.Release|x64.ActiveCfg = Release|x64
		{19FAD4F8-A5E7-4A54-8DDE-086F6150BE61}.Release|x64.Build.0 = Release|x64
		{19FAD4F8-A5E7-4A54-8DDE-086F6150BE61}.Release|x86.ActiveCfg = Release|Win32
		{19FAD4F8-A5E7-4A54-8DDE-086F6150BE61}.Release|x86.Build.0 = Release|Win32
		{035117EF-386A-48E6-8ECC-D4F2F479331F}.Debug|x64.ActiveCfg = Debug|x64
		{035117EF-386A-48E6-8ECC-D4F2F479331F}.Debug|x64.Build.0 = Debug|x64
		{035117EF-386A-48E6-8ECC-D4F2F479331F}.Debug|x86.ActiveCfg = Debug|Win32
		{035117EF-386A-48E6-8ECC-D4F2F479331F}.Debug|x86.Build.0 = Debug|Win32
		{035117EF-386A-48E6-8ECC-D4F2F479331F}.Release|x64.ActiveCfg = Release|x64
		{035117EF-386A-48E6-8ECC-D4F2F479331F}.Release|x64.Build.0 = Release|x64
		{035117EF-386A-48E6-8ECC-D4F2F479331F}.Release|x86.ActiveCfg = Release|Win32
		{035117EF-386A-48E6-8ECC-D4F2F479331F}.Release|x86.Build.0 = Release|Win32
	EndGlobalSection
	GlobalSection(SolutionProperties) = preSolution
		HideSolutionNode = FALSE
	EndGlobalSection
	GlobalSection(ExtensibilityGlobals) = postSolution
		SolutionGuid = {14D29958-57A6-4371-B095-F303F3A9B261}
	EndGlobalSection
EndGlobal
