
Microsoft Visual Studio Solution File, Format Version 12.00
# Visual Studio Version 16
VisualStudioVersion = 16.0.31205.134
MinimumVisualStudioVersion = 10.0.40219.1
Project("{8BC9CEB8-8B4A-11D0-8D11-00A0C91BC942}") = "第一题", "第一题\第一题.vcxproj", "{E254FBFE-65C4-47D6-BF75-411001890994}"
EndProject
Project("{8BC9CEB8-8B4A-11D0-8D11-00A0C91BC942}") = "第二题", "第二题\第二题.vcxproj", "{445E5A78-76BE-41BA-8CC3-B13FD62A2920}"
EndProject
Project("{8BC9CEB8-8B4A-11D0-8D11-00A0C91BC942}") = "第三题", "第三题\第三题.vcxproj", "{52657EE2-6B3A-49D5-A3A2-02B7B204A83A}"
EndProject
Project("{8BC9CEB8-8B4A-11D0-8D11-00A0C91BC942}") = "第五题", "第五题\第五题.vcxproj", "{F9173729-CCFD-4D48-9809-284B7BC56CB0}"
EndProject
Project("{8BC9CEB8-8B4A-11D0-8D11-00A0C91BC942}") = "第四题", "第四题\第四题.vcxproj", "{48D72278-8B69-4EFB-BF09-AD01F37368E3}"
EndProject
Project("{8BC9CEB8-8B4A-11D0-8D11-00A0C91BC942}") = "第六题", "第六题\第六题.vcxproj", "{2431A684-00BB-4DB0-B389-1344B5F857A2}"
EndProject
Project("{8BC9CEB8-8B4A-11D0-8D11-00A0C91BC942}") = "第七题", "第七题\第七题.vcxproj", "{4C57BA62-DC76-4317-B80F-620F37F0E71E}"
EndProject
Project("{8BC9CEB8-8B4A-11D0-8D11-00A0C91BC942}") = "第八题", "第八题\第八题.vcxproj", "{305C16D2-730E-4F7A-94A5-7294AD3E89B9}"
EndProject
Project("{8BC9CEB8-8B4A-11D0-8D11-00A0C91BC942}") = "第九题", "第九题\第九题.vcxproj", "{521D6A41-62F9-414F-8BEF-2617FA5F7F71}"
EndProject
Project("{8BC9CEB8-8B4A-11D0-8D11-00A0C91BC942}") = "第十题", "第十题\第十题.vcxproj", "{647509AD-677C-4881-BF4C-E67F35F1740B}"
EndProject
Global
	GlobalSection(SolutionConfigurationPlatforms) = preSolution
		Debug|x64 = Debug|x64
		Debug|x86 = Debug|x86
		Release|x64 = Release|x64
		Release|x86 = Release|x86
	EndGlobalSection
	GlobalSection(ProjectConfigurationPlatforms) = postSolution
		{E254FBFE-65C4-47D6-BF75-411001890994}.Debug|x64.ActiveCfg = Debug|x64
		{E254FBFE-65C4-47D6-BF75-411001890994}.Debug|x64.Build.0 = Debug|x64
		{E254FBFE-65C4-47D6-BF75-411001890994}.Debug|x86.ActiveCfg = Debug|Win32
		{E254FBFE-65C4-47D6-BF75-411001890994}.Debug|x86.Build.0 = Debug|Win32
		{E254FBFE-65C4-47D6-BF75-411001890994}.Release|x64.ActiveCfg = Release|x64
		{E254FBFE-65C4-47D6-BF75-411001890994}.Release|x64.Build.0 = Release|x64
		{E254FBFE-65C4-47D6-BF75-411001890994}.Release|x86.ActiveCfg = Release|Win32
		{E254FBFE-65C4-47D6-BF75-411001890994}.Release|x86.Build.0 = Release|Win32
		{445E5A78-76BE-41BA-8CC3-B13FD62A2920}.Debug|x64.ActiveCfg = Debug|x64
		{445E5A78-76BE-41BA-8CC3-B13FD62A2920}.Debug|x64.Build.0 = Debug|x64
		{445E5A78-76BE-41BA-8CC3-B13FD62A2920}.Debug|x86.ActiveCfg = Debug|Win32
		{445E5A78-76BE-41BA-8CC3-B13FD62A2920}.Debug|x86.Build.0 = Debug|Win32
		{445E5A78-76BE-41BA-8CC3-B13FD62A2920}.Release|x64.ActiveCfg = Release|x64
		{445E5A78-76BE-41BA-8CC3-B13FD62A2920}.Release|x64.Build.0 = Release|x64
		{445E5A78-76BE-41BA-8CC3-B13FD62A2920}.Release|x86.ActiveCfg = Release|Win32
		{445E5A78-76BE-41BA-8CC3-B13FD62A2920}.Release|x86.Build.0 = Release|Win32
		{52657EE2-6B3A-49D5-A3A2-02B7B204A83A}.Debug|x64.ActiveCfg = Debug|x64
		{52657EE2-6B3A-49D5-A3A2-02B7B204A83A}.Debug|x64.Build.0 = Debug|x64
		{52657EE2-6B3A-49D5-A3A2-02B7B204A83A}.Debug|x86.ActiveCfg = Debug|Win32
		{52657EE2-6B3A-49D5-A3A2-02B7B204A83A}.Debug|x86.Build.0 = Debug|Win32
		{52657EE2-6B3A-49D5-A3A2-02B7B204A83A}.Release|x64.ActiveCfg = Release|x64
		{52657EE2-6B3A-49D5-A3A2-02B7B204A83A}.Release|x64.Build.0 = Release|x64
		{52657EE2-6B3A-49D5-A3A2-02B7B204A83A}.Release|x86.ActiveCfg = Release|Win32
		{52657EE2-6B3A-49D5-A3A2-02B7B204A83A}.Release|x86.Build.0 = Release|Win32
		{F9173729-CCFD-4D48-9809-284B7BC56CB0}.Debug|x64.ActiveCfg = Debug|x64
		{F9173729-CCFD-4D48-9809-284B7BC56CB0}.Debug|x64.Build.0 = Debug|x64
		{F9173729-CCFD-4D48-9809-284B7BC56CB0}.Debug|x86.ActiveCfg = Debug|Win32
		{F9173729-CCFD-4D48-9809-284B7BC56CB0}.Debug|x86.Build.0 = Debug|Win32
		{F9173729-CCFD-4D48-9809-284B7BC56CB0}.Release|x64.ActiveCfg = Release|x64
		{F9173729-CCFD-4D48-9809-284B7BC56CB0}.Release|x64.Build.0 = Release|x64
		{F9173729-CCFD-4D48-9809-284B7BC56CB0}.Release|x86.ActiveCfg = Release|Win32
		{F9173729-CCFD-4D48-9809-284B7BC56CB0}.Release|x86.Build.0 = Release|Win32
		{48D72278-8B69-4EFB-BF09-AD01F37368E3}.Debug|x64.ActiveCfg = Debug|x64
		{48D72278-8B69-4EFB-BF09-AD01F37368E3}.Debug|x64.Build.0 = Debug|x64
		{48D72278-8B69-4EFB-BF09-AD01F37368E3}.Debug|x86.ActiveCfg = Debug|Win32
		{48D72278-8B69-4EFB-BF09-AD01F37368E3}.Debug|x86.Build.0 = Debug|Win32
		{48D72278-8B69-4EFB-BF09-AD01F37368E3}.Release|x64.ActiveCfg = Release|x64
		{48D72278-8B69-4EFB-BF09-AD01F37368E3}.Release|x64.Build.0 = Release|x64
		{48D72278-8B69-4EFB-BF09-AD01F37368E3}.Release|x86.ActiveCfg = Release|Win32
		{48D72278-8B69-4EFB-BF09-AD01F37368E3}.Release|x86.Build.0 = Release|Win32
		{2431A684-00BB-4DB0-B389-1344B5F857A2}.Debug|x64.ActiveCfg = Debug|x64
		{2431A684-00BB-4DB0-B389-1344B5F857A2}.Debug|x64.Build.0 = Debug|x64
		{2431A684-00BB-4DB0-B389-1344B5F857A2}.Debug|x86.ActiveCfg = Debug|Win32
		{2431A684-00BB-4DB0-B389-1344B5F857A2}.Debug|x86.Build.0 = Debug|Win32
		{2431A684-00BB-4DB0-B389-1344B5F857A2}.Release|x64.ActiveCfg = Release|x64
		{2431A684-00BB-4DB0-B389-1344B5F857A2}.Release|x64.Build.0 = Release|x64
		{2431A684-00BB-4DB0-B389-1344B5F857A2}.Release|x86.ActiveCfg = Release|Win32
		{2431A684-00BB-4DB0-B389-1344B5F857A2}.Release|x86.Build.0 = Release|Win32
		{4C57BA62-DC76-4317-B80F-620F37F0E71E}.Debug|x64.ActiveCfg = Debug|x64
		{4C57BA62-DC76-4317-B80F-620F37F0E71E}.Debug|x64.Build.0 = Debug|x64
		{4C57BA62-DC76-4317-B80F-620F37F0E71E}.Debug|x86.ActiveCfg = Debug|Win32
		{4C57BA62-DC76-4317-B80F-620F37F0E71E}.Debug|x86.Build.0 = Debug|Win32
		{4C57BA62-DC76-4317-B80F-620F37F0E71E}.Release|x64.ActiveCfg = Release|x64
		{4C57BA62-DC76-4317-B80F-620F37F0E71E}.Release|x64.Build.0 = Release|x64
		{4C57BA62-DC76-4317-B80F-620F37F0E71E}.Release|x86.ActiveCfg = Release|Win32
		{4C57BA62-DC76-4317-B80F-620F37F0E71E}.Release|x86.Build.0 = Release|Win32
		{305C16D2-730E-4F7A-94A5-7294AD3E89B9}.Debug|x64.ActiveCfg = Debug|x64
		{305C16D2-730E-4F7A-94A5-7294AD3E89B9}.Debug|x64.Build.0 = Debug|x64
		{305C16D2-730E-4F7A-94A5-7294AD3E89B9}.Debug|x86.ActiveCfg = Debug|Win32
		{305C16D2-730E-4F7A-94A5-7294AD3E89B9}.Debug|x86.Build.0 = Debug|Win32
		{305C16D2-730E-4F7A-94A5-7294AD3E89B9}.Release|x64.ActiveCfg = Release|x64
		{305C16D2-730E-4F7A-94A5-7294AD3E89B9}.Release|x64.Build.0 = Release|x64
		{305C16D2-730E-4F7A-94A5-7294AD3E89B9}.Release|x86.ActiveCfg = Release|Win32
		{305C16D2-730E-4F7A-94A5-7294AD3E89B9}.Release|x86.Build.0 = Release|Win32
		{521D6A41-62F9-414F-8BEF-2617FA5F7F71}.Debug|x64.ActiveCfg = Debug|x64
		{521D6A41-62F9-414F-8BEF-2617FA5F7F71}.Debug|x64.Build.0 = Debug|x64
		{521D6A41-62F9-414F-8BEF-2617FA5F7F71}.Debug|x86.ActiveCfg = Debug|Win32
		{521D6A41-62F9-414F-8BEF-2617FA5F7F71}.Debug|x86.Build.0 = Debug|Win32
		{521D6A41-62F9-414F-8BEF-2617FA5F7F71}.Release|x64.ActiveCfg = Release|x64
		{521D6A41-62F9-414F-8BEF-2617FA5F7F71}.Release|x64.Build.0 = Release|x64
		{521D6A41-62F9-414F-8BEF-2617FA5F7F71}.Release|x86.ActiveCfg = Release|Win32
		{521D6A41-62F9-414F-8BEF-2617FA5F7F71}.Release|x86.Build.0 = Release|Win32
		{647509AD-677C-4881-BF4C-E67F35F1740B}.Debug|x64.ActiveCfg = Debug|x64
		{647509AD-677C-4881-BF4C-E67F35F1740B}.Debug|x64.Build.0 = Debug|x64
		{647509AD-677C-4881-BF4C-E67F35F1740B}.Debug|x86.ActiveCfg = Debug|Win32
		{647509AD-677C-4881-BF4C-E67F35F1740B}.Debug|x86.Build.0 = Debug|Win32
		{647509AD-677C-4881-BF4C-E67F35F1740B}.Release|x64.ActiveCfg = Release|x64
		{647509AD-677C-4881-BF4C-E67F35F1740B}.Release|x64.Build.0 = Release|x64
		{647509AD-677C-4881-BF4C-E67F35F1740B}.Release|x86.ActiveCfg = Release|Win32
		{647509AD-677C-4881-BF4C-E67F35F1740B}.Release|x86.Build.0 = Release|Win32
	EndGlobalSection
	GlobalSection(SolutionProperties) = preSolution
		HideSolutionNode = FALSE
	EndGlobalSection
	GlobalSection(ExtensibilityGlobals) = postSolution
		SolutionGuid = {CF61DBE6-9262-4F9A-AC79-361B98D717F8}
	EndGlobalSection
EndGlobal
