
Microsoft Visual Studio Solution File, Format Version 12.00
# Visual Studio Version 16
VisualStudioVersion = 16.0.30804.86
MinimumVisualStudioVersion = 10.0.40219.1
Project("{8BC9CEB8-8B4A-11D0-8D11-00A0C91BC942}") = "C语言期末考试上半场", "C语言期末考试上半场\C语言期末考试上半场.vcxproj", "{57155951-ECF8-4B16-951C-F9D98BBB2E89}"
EndProject
Project("{8BC9CEB8-8B4A-11D0-8D11-00A0C91BC942}") = "第1题", "第1题\第1题.vcxproj", "{25C76606-8E8E-4003-BDB9-29D7E1214554}"
EndProject
Project("{8BC9CEB8-8B4A-11D0-8D11-00A0C91BC942}") = "第二题", "第二题\第二题.vcxproj", "{A8C072B6-8FB9-49C6-82C1-F4C295520613}"
EndProject
Project("{8BC9CEB8-8B4A-11D0-8D11-00A0C91BC942}") = "第三题", "第三题\第三题.vcxproj", "{406787CA-42FD-4EBE-81D3-DC723E370D51}"
EndProject
Project("{8BC9CEB8-8B4A-11D0-8D11-00A0C91BC942}") = "第四题", "第四题\第四题.vcxproj", "{D908A09C-AB75-4CF6-9375-1B8EC7E31C91}"
EndProject
Project("{8BC9CEB8-8B4A-11D0-8D11-00A0C91BC942}") = "第五题", "第五题\第五题.vcxproj", "{5EAD927B-0A1E-46FE-B08B-BC67F5E0C85A}"
EndProject
Project("{8BC9CEB8-8B4A-11D0-8D11-00A0C91BC942}") = "第六题", "第六题\第六题.vcxproj", "{524AED16-A914-4195-ABF8-BDEC17F578A9}"
EndProject
Project("{8BC9CEB8-8B4A-11D0-8D11-00A0C91BC942}") = "第七题", "第七题\第七题.vcxproj", "{26DABB0F-F45C-456B-BC44-ACA2C3A28DF9}"
EndProject
Project("{8BC9CEB8-8B4A-11D0-8D11-00A0C91BC942}") = "第八题", "第八题\第八题.vcxproj", "{E1F6A168-E9E8-4C17-ABC6-77FA716AEEBA}"
EndProject
Project("{8BC9CEB8-8B4A-11D0-8D11-00A0C91BC942}") = "第九题", "第九题\第九题.vcxproj", "{83F03E9D-F890-40D2-8DD7-9F523C3C5FF4}"
EndProject
Global
	GlobalSection(SolutionConfigurationPlatforms) = preSolution
		Debug|x64 = Debug|x64
		Debug|x86 = Debug|x86
		Release|x64 = Release|x64
		Release|x86 = Release|x86
	EndGlobalSection
	GlobalSection(ProjectConfigurationPlatforms) = postSolution
		{57155951-ECF8-4B16-951C-F9D98BBB2E89}.Debug|x64.ActiveCfg = Debug|x64
		{57155951-ECF8-4B16-951C-F9D98BBB2E89}.Debug|x64.Build.0 = Debug|x64
		{57155951-ECF8-4B16-951C-F9D98BBB2E89}.Debug|x86.ActiveCfg = Debug|Win32
		{57155951-ECF8-4B16-951C-F9D98BBB2E89}.Debug|x86.Build.0 = Debug|Win32
		{57155951-ECF8-4B16-951C-F9D98BBB2E89}.Release|x64.ActiveCfg = Release|x64
		{57155951-ECF8-4B16-951C-F9D98BBB2E89}.Release|x64.Build.0 = Release|x64
		{57155951-ECF8-4B16-951C-F9D98BBB2E89}.Release|x86.ActiveCfg = Release|Win32
		{57155951-ECF8-4B16-951C-F9D98BBB2E89}.Release|x86.Build.0 = Release|Win32
		{25C76606-8E8E-4003-BDB9-29D7E1214554}.Debug|x64.ActiveCfg = Debug|x64
		{25C76606-8E8E-4003-BDB9-29D7E1214554}.Debug|x64.Build.0 = Debug|x64
		{25C76606-8E8E-4003-BDB9-29D7E1214554}.Debug|x86.ActiveCfg = Debug|Win32
		{25C76606-8E8E-4003-BDB9-29D7E1214554}.Debug|x86.Build.0 = Debug|Win32
		{25C76606-8E8E-4003-BDB9-29D7E1214554}.Release|x64.ActiveCfg = Release|x64
		{25C76606-8E8E-4003-BDB9-29D7E1214554}.Release|x64.Build.0 = Release|x64
		{25C76606-8E8E-4003-BDB9-29D7E1214554}.Release|x86.ActiveCfg = Release|Win32
		{25C76606-8E8E-4003-BDB9-29D7E1214554}.Release|x86.Build.0 = Release|Win32
		{A8C072B6-8FB9-49C6-82C1-F4C295520613}.Debug|x64.ActiveCfg = Debug|x64
		{A8C072B6-8FB9-49C6-82C1-F4C295520613}.Debug|x64.Build.0 = Debug|x64
		{A8C072B6-8FB9-49C6-82C1-F4C295520613}.Debug|x86.ActiveCfg = Debug|Win32
		{A8C072B6-8FB9-49C6-82C1-F4C295520613}.Debug|x86.Build.0 = Debug|Win32
		{A8C072B6-8FB9-49C6-82C1-F4C295520613}.Release|x64.ActiveCfg = Release|x64
		{A8C072B6-8FB9-49C6-82C1-F4C295520613}.Release|x64.Build.0 = Release|x64
		{A8C072B6-8FB9-49C6-82C1-F4C295520613}.Release|x86.ActiveCfg = Release|Win32
		{A8C072B6-8FB9-49C6-82C1-F4C295520613}.Release|x86.Build.0 = Release|Win32
		{406787CA-42FD-4EBE-81D3-DC723E370D51}.Debug|x64.ActiveCfg = Debug|x64
		{406787CA-42FD-4EBE-81D3-DC723E370D51}.Debug|x64.Build.0 = Debug|x64
		{406787CA-42FD-4EBE-81D3-DC723E370D51}.Debug|x86.ActiveCfg = Debug|Win32
		{406787CA-42FD-4EBE-81D3-DC723E370D51}.Debug|x86.Build.0 = Debug|Win32
		{406787CA-42FD-4EBE-81D3-DC723E370D51}.Release|x64.ActiveCfg = Release|x64
		{406787CA-42FD-4EBE-81D3-DC723E370D51}.Release|x64.Build.0 = Release|x64
		{406787CA-42FD-4EBE-81D3-DC723E370D51}.Release|x86.ActiveCfg = Release|Win32
		{406787CA-42FD-4EBE-81D3-DC723E370D51}.Release|x86.Build.0 = Release|Win32
		{D908A09C-AB75-4CF6-9375-1B8EC7E31C91}.Debug|x64.ActiveCfg = Debug|x64
		{D908A09C-AB75-4CF6-9375-1B8EC7E31C91}.Debug|x64.Build.0 = Debug|x64
		{D908A09C-AB75-4CF6-9375-1B8EC7E31C91}.Debug|x86.ActiveCfg = Debug|Win32
		{D908A09C-AB75-4CF6-9375-1B8EC7E31C91}.Debug|x86.Build.0 = Debug|Win32
		{D908A09C-AB75-4CF6-9375-1B8EC7E31C91}.Release|x64.ActiveCfg = Release|x64
		{D908A09C-AB75-4CF6-9375-1B8EC7E31C91}.Release|x64.Build.0 = Release|x64
		{D908A09C-AB75-4CF6-9375-1B8EC7E31C91}.Release|x86.ActiveCfg = Release|Win32
		{D908A09C-AB75-4CF6-9375-1B8EC7E31C91}.Release|x86.Build.0 = Release|Win32
		{5EAD927B-0A1E-46FE-B08B-BC67F5E0C85A}.Debug|x64.ActiveCfg = Debug|x64
		{5EAD927B-0A1E-46FE-B08B-BC67F5E0C85A}.Debug|x64.Build.0 = Debug|x64
		{5EAD927B-0A1E-46FE-B08B-BC67F5E0C85A}.Debug|x86.ActiveCfg = Debug|Win32
		{5EAD927B-0A1E-46FE-B08B-BC67F5E0C85A}.Debug|x86.Build.0 = Debug|Win32
		{5EAD927B-0A1E-46FE-B08B-BC67F5E0C85A}.Release|x64.ActiveCfg = Release|x64
		{5EAD927B-0A1E-46FE-B08B-BC67F5E0C85A}.Release|x64.Build.0 = Release|x64
		{5EAD927B-0A1E-46FE-B08B-BC67F5E0C85A}.Release|x86.ActiveCfg = Release|Win32
		{5EAD927B-0A1E-46FE-B08B-BC67F5E0C85A}.Release|x86.Build.0 = Release|Win32
		{524AED16-A914-4195-ABF8-BDEC17F578A9}.Debug|x64.ActiveCfg = Debug|x64
		{524AED16-A914-4195-ABF8-BDEC17F578A9}.Debug|x64.Build.0 = Debug|x64
		{524AED16-A914-4195-ABF8-BDEC17F578A9}.Debug|x86.ActiveCfg = Debug|Win32
		{524AED16-A914-4195-ABF8-BDEC17F578A9}.Debug|x86.Build.0 = Debug|Win32
		{524AED16-A914-4195-ABF8-BDEC17F578A9}.Release|x64.ActiveCfg = Release|x64
		{524AED16-A914-4195-ABF8-BDEC17F578A9}.Release|x64.Build.0 = Release|x64
		{524AED16-A914-4195-ABF8-BDEC17F578A9}.Release|x86.ActiveCfg = Release|Win32
		{524AED16-A914-4195-ABF8-BDEC17F578A9}.Release|x86.Build.0 = Release|Win32
		{26DABB0F-F45C-456B-BC44-ACA2C3A28DF9}.Debug|x64.ActiveCfg = Debug|x64
		{26DABB0F-F45C-456B-BC44-ACA2C3A28DF9}.Debug|x64.Build.0 = Debug|x64
		{26DABB0F-F45C-456B-BC44-ACA2C3A28DF9}.Debug|x86.ActiveCfg = Debug|Win32
		{26DABB0F-F45C-456B-BC44-ACA2C3A28DF9}.Debug|x86.Build.0 = Debug|Win32
		{26DABB0F-F45C-456B-BC44-ACA2C3A28DF9}.Release|x64.ActiveCfg = Release|x64
		{26DABB0F-F45C-456B-BC44-ACA2C3A28DF9}.Release|x64.Build.0 = Release|x64
		{26DABB0F-F45C-456B-BC44-ACA2C3A28DF9}.Release|x86.ActiveCfg = Release|Win32
		{26DABB0F-F45C-456B-BC44-ACA2C3A28DF9}.Release|x86.Build.0 = Release|Win32
		{E1F6A168-E9E8-4C17-ABC6-77FA716AEEBA}.Debug|x64.ActiveCfg = Debug|x64
		{E1F6A168-E9E8-4C17-ABC6-77FA716AEEBA}.Debug|x64.Build.0 = Debug|x64
		{E1F6A168-E9E8-4C17-ABC6-77FA716AEEBA}.Debug|x86.ActiveCfg = Debug|Win32
		{E1F6A168-E9E8-4C17-ABC6-77FA716AEEBA}.Debug|x86.Build.0 = Debug|Win32
		{E1F6A168-E9E8-4C17-ABC6-77FA716AEEBA}.Release|x64.ActiveCfg = Release|x64
		{E1F6A168-E9E8-4C17-ABC6-77FA716AEEBA}.Release|x64.Build.0 = Release|x64
		{E1F6A168-E9E8-4C17-ABC6-77FA716AEEBA}.Release|x86.ActiveCfg = Release|Win32
		{E1F6A168-E9E8-4C17-ABC6-77FA716AEEBA}.Release|x86.Build.0 = Release|Win32
		{83F03E9D-F890-40D2-8DD7-9F523C3C5FF4}.Debug|x64.ActiveCfg = Debug|x64
		{83F03E9D-F890-40D2-8DD7-9F523C3C5FF4}.Debug|x64.Build.0 = Debug|x64
		{83F03E9D-F890-40D2-8DD7-9F523C3C5FF4}.Debug|x86.ActiveCfg = Debug|Win32
		{83F03E9D-F890-40D2-8DD7-9F523C3C5FF4}.Debug|x86.Build.0 = Debug|Win32
		{83F03E9D-F890-40D2-8DD7-9F523C3C5FF4}.Release|x64.ActiveCfg = Release|x64
		{83F03E9D-F890-40D2-8DD7-9F523C3C5FF4}.Release|x64.Build.0 = Release|x64
		{83F03E9D-F890-40D2-8DD7-9F523C3C5FF4}.Release|x86.ActiveCfg = Release|Win32
		{83F03E9D-F890-40D2-8DD7-9F523C3C5FF4}.Release|x86.Build.0 = Release|Win32
	EndGlobalSection
	GlobalSection(SolutionProperties) = preSolution
		HideSolutionNode = FALSE
	EndGlobalSection
	GlobalSection(ExtensibilityGlobals) = postSolution
		SolutionGuid = {B24A38E8-44BF-4ADC-858F-B8560FBB4E06}
	EndGlobalSection
EndGlobal
