
Microsoft Visual Studio Solution File, Format Version 12.00
# Visual Studio Version 16
VisualStudioVersion = 16.0.30711.63
MinimumVisualStudioVersion = 10.0.40219.1
Project("{8BC9CEB8-8B4A-11D0-8D11-00A0C91BC942}") = "c11_23", "c11_23\c11_23.vcxproj", "{B0954FE1-9266-483C-AB9E-CA692F89E075}"
EndProject
Project("{8BC9CEB8-8B4A-11D0-8D11-00A0C91BC942}") = "ConsoleApplication1", "ConsoleApplication1\ConsoleApplication1.vcxproj", "{16D0F856-5CF2-484F-A05E-5A94277B5721}"
EndProject
Global
	GlobalSection(SolutionConfigurationPlatforms) = preSolution
		Debug|x64 = Debug|x64
		Debug|x86 = Debug|x86
		Release|x64 = Release|x64
		Release|x86 = Release|x86
	EndGlobalSection
	GlobalSection(ProjectConfigurationPlatforms) = postSolution
		{B0954FE1-9266-483C-AB9E-CA692F89E075}.Debug|x64.ActiveCfg = Debug|x64
		{B0954FE1-9266-483C-AB9E-CA692F89E075}.Debug|x64.Build.0 = Debug|x64
		{B0954FE1-9266-483C-AB9E-CA692F89E075}.Debug|x86.ActiveCfg = Debug|Win32
		{B0954FE1-9266-483C-AB9E-CA692F89E075}.Debug|x86.Build.0 = Debug|Win32
		{B0954FE1-9266-483C-AB9E-CA692F89E075}.Release|x64.ActiveCfg = Release|x64
		{B0954FE1-9266-483C-AB9E-CA692F89E075}.Release|x64.Build.0 = Release|x64
		{B0954FE1-9266-483C-AB9E-CA692F89E075}.Release|x86.ActiveCfg = Release|Win32
		{B0954FE1-9266-483C-AB9E-CA692F89E075}.Release|x86.Build.0 = Release|Win32
		{16D0F856-5CF2-484F-A05E-5A94277B5721}.Debug|x64.ActiveCfg = Debug|x64
		{16D0F856-5CF2-484F-A05E-5A94277B5721}.Debug|x64.Build.0 = Debug|x64
		{16D0F856-5CF2-484F-A05E-5A94277B5721}.Debug|x86.ActiveCfg = Debug|Win32
		{16D0F856-5CF2-484F-A05E-5A94277B5721}.Debug|x86.Build.0 = Debug|Win32
		{16D0F856-5CF2-484F-A05E-5A94277B5721}.Release|x64.ActiveCfg = Release|x64
		{16D0F856-5CF2-484F-A05E-5A94277B5721}.Release|x64.Build.0 = Release|x64
		{16D0F856-5CF2-484F-A05E-5A94277B5721}.Release|x86.ActiveCfg = Release|Win32
		{16D0F856-5CF2-484F-A05E-5A94277B5721}.Release|x86.Build.0 = Release|Win32
	EndGlobalSection
	GlobalSection(SolutionProperties) = preSolution
		HideSolutionNode = FALSE
	EndGlobalSection
	GlobalSection(ExtensibilityGlobals) = postSolution
		SolutionGuid = {4E794D46-6D50-4D7C-B4B6-780284A839DD}
	EndGlobalSection
EndGlobal
