
Microsoft Visual Studio Solution File, Format Version 12.00
# Visual Studio Version 16
VisualStudioVersion = 16.0.30611.23
MinimumVisualStudioVersion = 10.0.40219.1
Project("{8BC9CEB8-8B4A-11D0-8D11-00A0C91BC942}") = "c10_26", "c10_26\c10_26.vcxproj", "{716BFF6B-7214-433E-80D9-8A64D2B6BBDF}"
EndProject
Project("{8BC9CEB8-8B4A-11D0-8D11-00A0C91BC942}") = "ConsoleApplication2", "ConsoleApplication2\ConsoleApplication2.vcxproj", "{AB6DE7F7-050D-465C-A560-6A54DA41ADB0}"
EndProject
Project("{8BC9CEB8-8B4A-11D0-8D11-00A0C91BC942}") = "ConsoleApplication1", "ConsoleApplication1\ConsoleApplication1.vcxproj", "{C6C5B8A1-CEFD-4C79-AB39-6C7AD5E6E2FC}"
EndProject
Project("{8BC9CEB8-8B4A-11D0-8D11-00A0C91BC942}") = "ConsoleApplication3", "ConsoleApplication3\ConsoleApplication3.vcxproj", "{45805F81-37F7-4890-901B-A40124F94434}"
EndProject
Project("{8BC9CEB8-8B4A-11D0-8D11-00A0C91BC942}") = "ConsoleApplication4", "ConsoleApplication4\ConsoleApplication4.vcxproj", "{C8A62188-3D58-47B5-8AB5-6D6B28D3C53D}"
EndProject
Project("{8BC9CEB8-8B4A-11D0-8D11-00A0C91BC942}") = "ConsoleApplication5", "ConsoleApplication5\ConsoleApplication5.vcxproj", "{1465DA58-0906-409E-8331-C5B6283F3931}"
EndProject
Project("{8BC9CEB8-8B4A-11D0-8D11-00A0C91BC942}") = "ConsoleApplication6", "ConsoleApplication6\ConsoleApplication6.vcxproj", "{9EC88E90-D1C0-4C1A-AF5D-F9BB17EDB959}"
EndProject
Global
	GlobalSection(SolutionConfigurationPlatforms) = preSolution
		Debug|x64 = Debug|x64
		Debug|x86 = Debug|x86
		Release|x64 = Release|x64
		Release|x86 = Release|x86
	EndGlobalSection
	GlobalSection(ProjectConfigurationPlatforms) = postSolution
		{716BFF6B-7214-433E-80D9-8A64D2B6BBDF}.Debug|x64.ActiveCfg = Debug|x64
		{716BFF6B-7214-433E-80D9-8A64D2B6BBDF}.Debug|x64.Build.0 = Debug|x64
		{716BFF6B-7214-433E-80D9-8A64D2B6BBDF}.Debug|x86.ActiveCfg = Debug|Win32
		{716BFF6B-7214-433E-80D9-8A64D2B6BBDF}.Debug|x86.Build.0 = Debug|Win32
		{716BFF6B-7214-433E-80D9-8A64D2B6BBDF}.Release|x64.ActiveCfg = Release|x64
		{716BFF6B-7214-433E-80D9-8A64D2B6BBDF}.Release|x64.Build.0 = Release|x64
		{716BFF6B-7214-433E-80D9-8A64D2B6BBDF}.Release|x86.ActiveCfg = Release|Win32
		{716BFF6B-7214-433E-80D9-8A64D2B6BBDF}.Release|x86.Build.0 = Release|Win32
		{AB6DE7F7-050D-465C-A560-6A54DA41ADB0}.Debug|x64.ActiveCfg = Debug|x64
		{AB6DE7F7-050D-465C-A560-6A54DA41ADB0}.Debug|x64.Build.0 = Debug|x64
		{AB6DE7F7-050D-465C-A560-6A54DA41ADB0}.Debug|x86.ActiveCfg = Debug|Win32
		{AB6DE7F7-050D-465C-A560-6A54DA41ADB0}.Debug|x86.Build.0 = Debug|Win32
		{AB6DE7F7-050D-465C-A560-6A54DA41ADB0}.Release|x64.ActiveCfg = Release|x64
		{AB6DE7F7-050D-465C-A560-6A54DA41ADB0}.Release|x64.Build.0 = Release|x64
		{AB6DE7F7-050D-465C-A560-6A54DA41ADB0}.Release|x86.ActiveCfg = Release|Win32
		{AB6DE7F7-050D-465C-A560-6A54DA41ADB0}.Release|x86.Build.0 = Release|Win32
		{C6C5B8A1-CEFD-4C79-AB39-6C7AD5E6E2FC}.Debug|x64.ActiveCfg = Debug|x64
		{C6C5B8A1-CEFD-4C79-AB39-6C7AD5E6E2FC}.Debug|x64.Build.0 = Debug|x64
		{C6C5B8A1-CEFD-4C79-AB39-6C7AD5E6E2FC}.Debug|x86.ActiveCfg = Debug|Win32
		{C6C5B8A1-CEFD-4C79-AB39-6C7AD5E6E2FC}.Debug|x86.Build.0 = Debug|Win32
		{C6C5B8A1-CEFD-4C79-AB39-6C7AD5E6E2FC}.Release|x64.ActiveCfg = Release|x64
		{C6C5B8A1-CEFD-4C79-AB39-6C7AD5E6E2FC}.Release|x64.Build.0 = Release|x64
		{C6C5B8A1-CEFD-4C79-AB39-6C7AD5E6E2FC}.Release|x86.ActiveCfg = Release|Win32
		{C6C5B8A1-CEFD-4C79-AB39-6C7AD5E6E2FC}.Release|x86.Build.0 = Release|Win32
		{45805F81-37F7-4890-901B-A40124F94434}.Debug|x64.ActiveCfg = Debug|x64
		{45805F81-37F7-4890-901B-A40124F94434}.Debug|x64.Build.0 = Debug|x64
		{45805F81-37F7-4890-901B-A40124F94434}.Debug|x86.ActiveCfg = Debug|Win32
		{45805F81-37F7-4890-901B-A40124F94434}.Debug|x86.Build.0 = Debug|Win32
		{45805F81-37F7-4890-901B-A40124F94434}.Release|x64.ActiveCfg = Release|x64
		{45805F81-37F7-4890-901B-A40124F94434}.Release|x64.Build.0 = Release|x64
		{45805F81-37F7-4890-901B-A40124F94434}.Release|x86.ActiveCfg = Release|Win32
		{45805F81-37F7-4890-901B-A40124F94434}.Release|x86.Build.0 = Release|Win32
		{C8A62188-3D58-47B5-8AB5-6D6B28D3C53D}.Debug|x64.ActiveCfg = Debug|x64
		{C8A62188-3D58-47B5-8AB5-6D6B28D3C53D}.Debug|x64.Build.0 = Debug|x64
		{C8A62188-3D58-47B5-8AB5-6D6B28D3C53D}.Debug|x86.ActiveCfg = Debug|Win32
		{C8A62188-3D58-47B5-8AB5-6D6B28D3C53D}.Debug|x86.Build.0 = Debug|Win32
		{C8A62188-3D58-47B5-8AB5-6D6B28D3C53D}.Release|x64.ActiveCfg = Release|x64
		{C8A62188-3D58-47B5-8AB5-6D6B28D3C53D}.Release|x64.Build.0 = Release|x64
		{C8A62188-3D58-47B5-8AB5-6D6B28D3C53D}.Release|x86.ActiveCfg = Release|Win32
		{C8A62188-3D58-47B5-8AB5-6D6B28D3C53D}.Release|x86.Build.0 = Release|Win32
		{1465DA58-0906-409E-8331-C5B6283F3931}.Debug|x64.ActiveCfg = Debug|x64
		{1465DA58-0906-409E-8331-C5B6283F3931}.Debug|x64.Build.0 = Debug|x64
		{1465DA58-0906-409E-8331-C5B6283F3931}.Debug|x86.ActiveCfg = Debug|Win32
		{1465DA58-0906-409E-8331-C5B6283F3931}.Debug|x86.Build.0 = Debug|Win32
		{1465DA58-0906-409E-8331-C5B6283F3931}.Release|x64.ActiveCfg = Release|x64
		{1465DA58-0906-409E-8331-C5B6283F3931}.Release|x64.Build.0 = Release|x64
		{1465DA58-0906-409E-8331-C5B6283F3931}.Release|x86.ActiveCfg = Release|Win32
		{1465DA58-0906-409E-8331-C5B6283F3931}.Release|x86.Build.0 = Release|Win32
		{9EC88E90-D1C0-4C1A-AF5D-F9BB17EDB959}.Debug|x64.ActiveCfg = Debug|x64
		{9EC88E90-D1C0-4C1A-AF5D-F9BB17EDB959}.Debug|x64.Build.0 = Debug|x64
		{9EC88E90-D1C0-4C1A-AF5D-F9BB17EDB959}.Debug|x86.ActiveCfg = Debug|Win32
		{9EC88E90-D1C0-4C1A-AF5D-F9BB17EDB959}.Debug|x86.Build.0 = Debug|Win32
		{9EC88E90-D1C0-4C1A-AF5D-F9BB17EDB959}.Release|x64.ActiveCfg = Release|x64
		{9EC88E90-D1C0-4C1A-AF5D-F9BB17EDB959}.Release|x64.Build.0 = Release|x64
		{9EC88E90-D1C0-4C1A-AF5D-F9BB17EDB959}.Release|x86.ActiveCfg = Release|Win32
		{9EC88E90-D1C0-4C1A-AF5D-F9BB17EDB959}.Release|x86.Build.0 = Release|Win32
	EndGlobalSection
	GlobalSection(SolutionProperties) = preSolution
		HideSolutionNode = FALSE
	EndGlobalSection
	GlobalSection(ExtensibilityGlobals) = postSolution
		SolutionGuid = {F7971482-8481-4CBA-B43F-B30814DFF1BB}
	EndGlobalSection
EndGlobal
