
Microsoft Visual Studio Solution File, Format Version 12.00
# Visual Studio Version 16
VisualStudioVersion = 16.0.31112.23
MinimumVisualStudioVersion = 10.0.40219.1
Project("{8BC9CEB8-8B4A-11D0-8D11-00A0C91BC942}") = "数据结构4-9", "数据结构4-9\数据结构4-9.vcxproj", "{3CA616BF-4A4C-4DE6-AD0C-247BD2468066}"
EndProject
Project("{8BC9CEB8-8B4A-11D0-8D11-00A0C91BC942}") = "JHL004", "JHL004\JHL004.vcxproj", "{FD122E2A-2352-475A-9191-117DD4085DEC}"
EndProject
Project("{8BC9CEB8-8B4A-11D0-8D11-00A0C91BC942}") = "JHL005", "JHL005\JHL005.vcxproj", "{2B4DDC29-8EE2-43C3-AA19-0C9E23E9A5CB}"
EndProject
Project("{8BC9CEB8-8B4A-11D0-8D11-00A0C91BC942}") = "JHL006", "JHL006\JHL006.vcxproj", "{23DEE5A5-15C1-4AEB-BA94-7D9D4F2195C3}"
EndProject
Project("{8BC9CEB8-8B4A-11D0-8D11-00A0C91BC942}") = "WYH002", "WYH002\WYH002.vcxproj", "{65029039-A8E2-4A31-9DEA-577B3236337C}"
EndProject
Project("{8BC9CEB8-8B4A-11D0-8D11-00A0C91BC942}") = "JHL007", "JHL007\JHL007.vcxproj", "{43C1F6F5-A527-48C4-A59D-ABDED7077625}"
EndProject
Project("{8BC9CEB8-8B4A-11D0-8D11-00A0C91BC942}") = "WYH001", "WYH001\WYH001.vcxproj", "{45E88593-886C-4CCD-A20C-CAD6AB00F938}"
EndProject
Project("{8BC9CEB8-8B4A-11D0-8D11-00A0C91BC942}") = "JHL004第二版本", "JHL004第二版本\JHL004第二版本.vcxproj", "{BFDF9F4D-2C20-4DF6-851F-2EF2FD6A5232}"
EndProject
Global
	GlobalSection(SolutionConfigurationPlatforms) = preSolution
		Debug|x64 = Debug|x64
		Debug|x86 = Debug|x86
		Release|x64 = Release|x64
		Release|x86 = Release|x86
	EndGlobalSection
	GlobalSection(ProjectConfigurationPlatforms) = postSolution
		{3CA616BF-4A4C-4DE6-AD0C-247BD2468066}.Debug|x64.ActiveCfg = Debug|x64
		{3CA616BF-4A4C-4DE6-AD0C-247BD2468066}.Debug|x64.Build.0 = Debug|x64
		{3CA616BF-4A4C-4DE6-AD0C-247BD2468066}.Debug|x86.ActiveCfg = Debug|Win32
		{3CA616BF-4A4C-4DE6-AD0C-247BD2468066}.Debug|x86.Build.0 = Debug|Win32
		{3CA616BF-4A4C-4DE6-AD0C-247BD2468066}.Release|x64.ActiveCfg = Release|x64
		{3CA616BF-4A4C-4DE6-AD0C-247BD2468066}.Release|x64.Build.0 = Release|x64
		{3CA616BF-4A4C-4DE6-AD0C-247BD2468066}.Release|x86.ActiveCfg = Release|Win32
		{3CA616BF-4A4C-4DE6-AD0C-247BD2468066}.Release|x86.Build.0 = Release|Win32
		{FD122E2A-2352-475A-9191-117DD4085DEC}.Debug|x64.ActiveCfg = Debug|x64
		{FD122E2A-2352-475A-9191-117DD4085DEC}.Debug|x64.Build.0 = Debug|x64
		{FD122E2A-2352-475A-9191-117DD4085DEC}.Debug|x86.ActiveCfg = Debug|Win32
		{FD122E2A-2352-475A-9191-117DD4085DEC}.Debug|x86.Build.0 = Debug|Win32
		{FD122E2A-2352-475A-9191-117DD4085DEC}.Release|x64.ActiveCfg = Release|x64
		{FD122E2A-2352-475A-9191-117DD4085DEC}.Release|x64.Build.0 = Release|x64
		{FD122E2A-2352-475A-9191-117DD4085DEC}.Release|x86.ActiveCfg = Release|Win32
		{FD122E2A-2352-475A-9191-117DD4085DEC}.Release|x86.Build.0 = Release|Win32
		{2B4DDC29-8EE2-43C3-AA19-0C9E23E9A5CB}.Debug|x64.ActiveCfg = Debug|x64
		{2B4DDC29-8EE2-43C3-AA19-0C9E23E9A5CB}.Debug|x64.Build.0 = Debug|x64
		{2B4DDC29-8EE2-43C3-AA19-0C9E23E9A5CB}.Debug|x86.ActiveCfg = Debug|Win32
		{2B4DDC29-8EE2-43C3-AA19-0C9E23E9A5CB}.Debug|x86.Build.0 = Debug|Win32
		{2B4DDC29-8EE2-43C3-AA19-0C9E23E9A5CB}.Release|x64.ActiveCfg = Release|x64
		{2B4DDC29-8EE2-43C3-AA19-0C9E23E9A5CB}.Release|x64.Build.0 = Release|x64
		{2B4DDC29-8EE2-43C3-AA19-0C9E23E9A5CB}.Release|x86.ActiveCfg = Release|Win32
		{2B4DDC29-8EE2-43C3-AA19-0C9E23E9A5CB}.Release|x86.Build.0 = Release|Win32
		{23DEE5A5-15C1-4AEB-BA94-7D9D4F2195C3}.Debug|x64.ActiveCfg = Debug|x64
		{23DEE5A5-15C1-4AEB-BA94-7D9D4F2195C3}.Debug|x64.Build.0 = Debug|x64
		{23DEE5A5-15C1-4AEB-BA94-7D9D4F2195C3}.Debug|x86.ActiveCfg = Debug|Win32
		{23DEE5A5-15C1-4AEB-BA94-7D9D4F2195C3}.Debug|x86.Build.0 = Debug|Win32
		{23DEE5A5-15C1-4AEB-BA94-7D9D4F2195C3}.Release|x64.ActiveCfg = Release|x64
		{23DEE5A5-15C1-4AEB-BA94-7D9D4F2195C3}.Release|x64.Build.0 = Release|x64
		{23DEE5A5-15C1-4AEB-BA94-7D9D4F2195C3}.Release|x86.ActiveCfg = Release|Win32
		{23DEE5A5-15C1-4AEB-BA94-7D9D4F2195C3}.Release|x86.Build.0 = Release|Win32
		{65029039-A8E2-4A31-9DEA-577B3236337C}.Debug|x64.ActiveCfg = Debug|x64
		{65029039-A8E2-4A31-9DEA-577B3236337C}.Debug|x64.Build.0 = Debug|x64
		{65029039-A8E2-4A31-9DEA-577B3236337C}.Debug|x86.ActiveCfg = Debug|Win32
		{65029039-A8E2-4A31-9DEA-577B3236337C}.Debug|x86.Build.0 = Debug|Win32
		{65029039-A8E2-4A31-9DEA-577B3236337C}.Release|x64.ActiveCfg = Release|x64
		{65029039-A8E2-4A31-9DEA-577B3236337C}.Release|x64.Build.0 = Release|x64
		{65029039-A8E2-4A31-9DEA-577B3236337C}.Release|x86.ActiveCfg = Release|Win32
		{65029039-A8E2-4A31-9DEA-577B3236337C}.Release|x86.Build.0 = Release|Win32
		{43C1F6F5-A527-48C4-A59D-ABDED7077625}.Debug|x64.ActiveCfg = Debug|x64
		{43C1F6F5-A527-48C4-A59D-ABDED7077625}.Debug|x64.Build.0 = Debug|x64
		{43C1F6F5-A527-48C4-A59D-ABDED7077625}.Debug|x86.ActiveCfg = Debug|Win32
		{43C1F6F5-A527-48C4-A59D-ABDED7077625}.Debug|x86.Build.0 = Debug|Win32
		{43C1F6F5-A527-48C4-A59D-ABDED7077625}.Release|x64.ActiveCfg = Release|x64
		{43C1F6F5-A527-48C4-A59D-ABDED7077625}.Release|x64.Build.0 = Release|x64
		{43C1F6F5-A527-48C4-A59D-ABDED7077625}.Release|x86.ActiveCfg = Release|Win32
		{43C1F6F5-A527-48C4-A59D-ABDED7077625}.Release|x86.Build.0 = Release|Win32
		{45E88593-886C-4CCD-A20C-CAD6AB00F938}.Debug|x64.ActiveCfg = Debug|x64
		{45E88593-886C-4CCD-A20C-CAD6AB00F938}.Debug|x64.Build.0 = Debug|x64
		{45E88593-886C-4CCD-A20C-CAD6AB00F938}.Debug|x86.ActiveCfg = Debug|Win32
		{45E88593-886C-4CCD-A20C-CAD6AB00F938}.Debug|x86.Build.0 = Debug|Win32
		{45E88593-886C-4CCD-A20C-CAD6AB00F938}.Release|x64.ActiveCfg = Release|x64
		{45E88593-886C-4CCD-A20C-CAD6AB00F938}.Release|x64.Build.0 = Release|x64
		{45E88593-886C-4CCD-A20C-CAD6AB00F938}.Release|x86.ActiveCfg = Release|Win32
		{45E88593-886C-4CCD-A20C-CAD6AB00F938}.Release|x86.Build.0 = Release|Win32
		{BFDF9F4D-2C20-4DF6-851F-2EF2FD6A5232}.Debug|x64.ActiveCfg = Debug|x64
		{BFDF9F4D-2C20-4DF6-851F-2EF2FD6A5232}.Debug|x64.Build.0 = Debug|x64
		{BFDF9F4D-2C20-4DF6-851F-2EF2FD6A5232}.Debug|x86.ActiveCfg = Debug|Win32
		{BFDF9F4D-2C20-4DF6-851F-2EF2FD6A5232}.Debug|x86.Build.0 = Debug|Win32
		{BFDF9F4D-2C20-4DF6-851F-2EF2FD6A5232}.Release|x64.ActiveCfg = Release|x64
		{BFDF9F4D-2C20-4DF6-851F-2EF2FD6A5232}.Release|x64.Build.0 = Release|x64
		{BFDF9F4D-2C20-4DF6-851F-2EF2FD6A5232}.Release|x86.ActiveCfg = Release|Win32
		{BFDF9F4D-2C20-4DF6-851F-2EF2FD6A5232}.Release|x86.Build.0 = Release|Win32
	EndGlobalSection
	GlobalSection(SolutionProperties) = preSolution
		HideSolutionNode = FALSE
	EndGlobalSection
	GlobalSection(ExtensibilityGlobals) = postSolution
		SolutionGuid = {C1F914BB-32C0-43F3-BD46-942A55F3E3C0}
	EndGlobalSection
EndGlobal
